---
name: DustiLock Scanner

on:
  push: # Run on every Push
  pull_request: # Run on every PR

permissions:
  contents: read

jobs:
  dustilock:
    name: Run DustiLock
    runs-on: ubuntu-latest

    steps:
      - name: Harden the runner (Audit all outbound calls)
        uses: step-security/harden-runner@ec9f2d5744a09debf3a187a3f4f675c53b671911 # v2.13.0
        with:
          egress-policy: audit

      - name: Checkout the repository
        uses: actions/checkout@93cb6efe18208431cddfb8368fd83d5badbf9bfd # v5.0.1

      - name: Run DustiLock to check for dependency confusion attacks
        uses: checkmarx/dustilock@9a0cc4fe3da93f7efb38679896c074dc94d60ac6 # v1.2.0
        with:
          recursive: true
